{
  "nodes": {
    "falba": {
      "flake": false,
      "locked": {
        "lastModified": 1748201876,
        "narHash": "sha256-1u47nh8KcPpKRCA5rq/oi84zjz5U8w39A8RZ2uv47C8=",
        "owner": "bjackman",
        "repo": "falba",
        "rev": "49e3994186e205f23232c56837d881e451b6d788",
        "type": "github"
      },
      "original": {
        "owner": "bjackman",
        "repo": "falba",
        "type": "github"
      }
    },
    "kernel-6_14": {
      "flake": false,
      "locked": {
        "lastModified": 1742824961,
        "narHash": "sha256-5Fkx6y9eEKuQVbDkYh3lxFQrXCK4QJkAZcIabj0q/YQ=",
        "owner": "torvalds",
        "repo": "linux",
        "rev": "38fec10eb60d687e30c8c6b5420d86e8149f7557",
        "type": "github"
      },
      "original": {
        "owner": "torvalds",
        "ref": "v6.14",
        "repo": "linux",
        "type": "github"
      }
    },
    "kernel-asi-page-cache-fix": {
      "flake": false,
      "locked": {
        "lastModified": 1748273774,
        "narHash": "sha256-muHt6nZaSFMdJkxMPaE+t3ZkzF+9cbLjrkM9N6NX8a8=",
        "owner": "bjackman",
        "repo": "linux",
        "rev": "33953526e0bb1500f47145f8ad9c96d661f618dc",
        "type": "github"
      },
      "original": {
        "owner": "bjackman",
        "ref": "asi/fix-page-cache",
        "repo": "linux",
        "type": "github"
      }
    },
    "kernel-asi-rfcv2-preview": {
      "flake": false,
      "locked": {
        "lastModified": 1736531188,
        "narHash": "sha256-PM7wVgU2q0s+VKL6dlSvqf512MZ5XiButbKwYHZYe5g=",
        "owner": "googleprodkernel",
        "repo": "linux-kvm",
        "rev": "3c5a494074062dab363b4b0aa3b3b792326b1ec3",
        "type": "github"
      },
      "original": {
        "owner": "googleprodkernel",
        "ref": "asi-rfcv2-preview",
        "repo": "linux-kvm",
        "type": "github"
      }
    },
    "nixpkgs": {
      "locked": {
        "lastModified": 1744463964,
        "narHash": "sha256-LWqduOgLHCFxiTNYi3Uj5Lgz0SR+Xhw3kr/3Xd0GPTM=",
        "owner": "nixos",
        "repo": "nixpkgs",
        "rev": "2631b0b7abcea6e640ce31cd78ea58910d31e650",
        "type": "github"
      },
      "original": {
        "owner": "nixos",
        "ref": "nixos-unstable",
        "repo": "nixpkgs",
        "type": "github"
      }
    },
    "root": {
      "inputs": {
        "falba": "falba",
        "kernel-6_14": "kernel-6_14",
        "kernel-asi-page-cache-fix": "kernel-asi-page-cache-fix",
        "kernel-asi-rfcv2-preview": "kernel-asi-rfcv2-preview",
        "nixpkgs": "nixpkgs"
      }
    }
  },
  "root": "root",
  "version": 7
}
