{
  "nodes": {
    "falba": {
      "flake": false,
      "locked": {
        "lastModified": 1750667008,
        "narHash": "sha256-yWPDDwFJ/PMaKRO2W598exoSbwhsL4F9r8MQBQG8iyM=",
        "owner": "bjackman",
        "repo": "falba",
        "rev": "1c35d88579201064c726849e5f31f812c1e467b8",
        "type": "github"
      },
      "original": {
        "owner": "bjackman",
        "repo": "falba",
        "type": "github"
      }
    },
    "kernel-6_16": {
      "flake": false,
      "locked": {
        "lastModified": 1751836226,
        "narHash": "sha256-3k7L4kZEZBGCVhbjy47Z7iZIjEDnZOqy74y2WjOiNHI=",
        "owner": "torvalds",
        "repo": "linux",
        "rev": "d7b8f8e20813f0179d8ef519541a3527e7661d3a",
        "type": "github"
      },
      "original": {
        "owner": "torvalds",
        "ref": "master",
        "repo": "linux",
        "type": "github"
      }
    },
    "kernel-asi": {
      "flake": false,
      "locked": {
        "lastModified": 1751912026,
        "narHash": "sha256-QH5t1l85jb6+s6D78RoEl5JtOgXYiqNnLyutokS75Wg=",
        "owner": "bjackman",
        "repo": "linux",
        "rev": "bc8b20c0b87ac07092b4cd608693d8ae73caedd1",
        "type": "github"
      },
      "original": {
        "owner": "bjackman",
        "ref": "asi/6.16",
        "repo": "linux",
        "type": "github"
      }
    },
    "kernel-asi-page-cache-fix": {
      "flake": false,
      "locked": {
        "lastModified": 1750842928,
        "narHash": "sha256-iDnTlrMc501KBG4qgc4qzzDs1Z935G2ScPr6uL+Qfec=",
        "owner": "bjackman",
        "repo": "linux",
        "rev": "42d6153b5e4b82409402493bdd9df614d25df73a",
        "type": "github"
      },
      "original": {
        "owner": "bjackman",
        "ref": "asi/fix-page-cache",
        "repo": "linux",
        "type": "github"
      }
    },
    "kernel-asi-rfcv2-preview": {
      "flake": false,
      "locked": {
        "lastModified": 1736531188,
        "narHash": "sha256-PM7wVgU2q0s+VKL6dlSvqf512MZ5XiButbKwYHZYe5g=",
        "owner": "googleprodkernel",
        "repo": "linux-kvm",
        "rev": "3c5a494074062dab363b4b0aa3b3b792326b1ec3",
        "type": "github"
      },
      "original": {
        "owner": "googleprodkernel",
        "ref": "asi-rfcv2-preview",
        "repo": "linux-kvm",
        "type": "github"
      }
    },
    "nixpkgs": {
      "locked": {
        "lastModified": 1751741127,
        "narHash": "sha256-t75Shs76NgxjZSgvvZZ9qOmz5zuBE8buUaYD28BMTxg=",
        "owner": "nixos",
        "repo": "nixpkgs",
        "rev": "29e290002bfff26af1db6f64d070698019460302",
        "type": "github"
      },
      "original": {
        "owner": "nixos",
        "ref": "nixos-25.05",
        "repo": "nixpkgs",
        "type": "github"
      }
    },
    "root": {
      "inputs": {
        "falba": "falba",
        "kernel-6_16": "kernel-6_16",
        "kernel-asi": "kernel-asi",
        "kernel-asi-page-cache-fix": "kernel-asi-page-cache-fix",
        "kernel-asi-rfcv2-preview": "kernel-asi-rfcv2-preview",
        "nixpkgs": "nixpkgs"
      }
    }
  },
  "root": "root",
  "version": 7
}
