{
  "nodes": {
    "falba": {
      "flake": false,
      "locked": {
        "lastModified": 1749814289,
        "narHash": "sha256-Psvl4eNt67cOjqzQm+6NRxy6zxeN7qehhbgJgQWixtI=",
        "owner": "bjackman",
        "repo": "falba",
        "rev": "cc14c86fb5576f45a6cbd220a32dd9f75d218237",
        "type": "github"
      },
      "original": {
        "owner": "bjackman",
        "repo": "falba",
        "type": "github"
      }
    },
    "kernel-6_14": {
      "flake": false,
      "locked": {
        "lastModified": 1742824961,
        "narHash": "sha256-5Fkx6y9eEKuQVbDkYh3lxFQrXCK4QJkAZcIabj0q/YQ=",
        "owner": "torvalds",
        "repo": "linux",
        "rev": "38fec10eb60d687e30c8c6b5420d86e8149f7557",
        "type": "github"
      },
      "original": {
        "owner": "torvalds",
        "ref": "v6.14",
        "repo": "linux",
        "type": "github"
      }
    },
    "kernel-asi-page-cache-fix": {
      "flake": false,
      "locked": {
        "lastModified": 1749648038,
        "narHash": "sha256-gvHvgx9DlFMWknR/GgJEk/+u7g4ZKZYUQ29+CenCE1A=",
        "owner": "bjackman",
        "repo": "linux",
        "rev": "ebddfa7f39d8a8b2921cb3acf240d1e638e397d5",
        "type": "github"
      },
      "original": {
        "owner": "bjackman",
        "ref": "asi/fix-page-cache",
        "repo": "linux",
        "type": "github"
      }
    },
    "kernel-asi-rfcv2-preview": {
      "flake": false,
      "locked": {
        "lastModified": 1736531188,
        "narHash": "sha256-PM7wVgU2q0s+VKL6dlSvqf512MZ5XiButbKwYHZYe5g=",
        "owner": "googleprodkernel",
        "repo": "linux-kvm",
        "rev": "3c5a494074062dab363b4b0aa3b3b792326b1ec3",
        "type": "github"
      },
      "original": {
        "owner": "googleprodkernel",
        "ref": "asi-rfcv2-preview",
        "repo": "linux-kvm",
        "type": "github"
      }
    },
    "nixpkgs": {
      "locked": {
        "lastModified": 1748162331,
        "narHash": "sha256-rqc2RKYTxP3tbjA+PB3VMRQNnjesrT0pEofXQTrMsS8=",
        "owner": "nixos",
        "repo": "nixpkgs",
        "rev": "7c43f080a7f28b2774f3b3f43234ca11661bf334",
        "type": "github"
      },
      "original": {
        "owner": "nixos",
        "ref": "nixos-25.05",
        "repo": "nixpkgs",
        "type": "github"
      }
    },
    "root": {
      "inputs": {
        "falba": "falba",
        "kernel-6_14": "kernel-6_14",
        "kernel-asi-page-cache-fix": "kernel-asi-page-cache-fix",
        "kernel-asi-rfcv2-preview": "kernel-asi-rfcv2-preview",
        "nixpkgs": "nixpkgs"
      }
    }
  },
  "root": "root",
  "version": 7
}
